
Microsoft Visual Studio Solution File, Format Version 12.00
# Visual Studio Version 17
VisualStudioVersion = 17.8.34525.116
MinimumVisualStudioVersion = 10.0.40219.1
Project("{FAE04EC0-301F-11D3-BF4B-00C04F79EFBC}") = "WindowsFormsApp1", "WindowsFormsApp1.csproj", "{503714B0-1DCF-47A2-98AC-54D7B4D4C8B5}"
EndProject
Global
	GlobalSection(SolutionConfigurationPlatforms) = preSolution
		Debug|Any CPU = Debug|Any CPU
		Release|Any CPU = Release|Any CPU
	EndGlobalSection
	GlobalSection(ProjectConfigurationPlatforms) = postSolution
		{503714B0-1DCF-47A2-98AC-54D7B4D4C8B5}.Debug|Any CPU.ActiveCfg = Debug|Any CPU
		{503714B0-1DCF-47A2-98AC-54D7B4D4C8B5}.Debug|Any CPU.Build.0 = Debug|Any CPU
		{503714B0-1DCF-47A2-98AC-54D7B4D4C8B5}.Release|Any CPU.ActiveCfg = Release|Any CPU
		{503714B0-1DCF-47A2-98AC-54D7B4D4C8B5}.Release|Any CPU.Build.0 = Release|Any CPU
	EndGlobalSection
	GlobalSection(SolutionProperties) = preSolution
		HideSolutionNode = FALSE
	EndGlobalSection
	GlobalSection(ExtensibilityGlobals) = postSolution
		SolutionGuid = {D87D409D-28AD-40E8-A55D-541E3B3B3C15}
	EndGlobalSection
EndGlobal
